// !$*UTF8*$!
{
	archiveVersion = 1;
	classes = {
	};
	objectVersion = 50;
	objects = {

/* Begin PBXBuildFile section */
		CC5A59E4237C25E50041533B /* AppDelegate.swift in Sources */ = {isa = PBXBuildFile; fileRef = CC5A59E3237C25E50041533B /* AppDelegate.swift */; };
		CC5A59EB237C25E70041533B /* Assets.xcassets in Resources */ = {isa = PBXBuildFile; fileRef = CC5A59EA237C25E70041533B /* Assets.xcassets */; };
		CC5A59EE237C25E70041533B /* LaunchScreen.storyboard in Resources */ = {isa = PBXBuildFile; fileRef = CC5A59EC237C25E70041533B /* LaunchScreen.storyboard */; };
		CC5A59F6237C262A0041533B /* Wheather.swift in Sources */ = {isa = PBXBuildFile; fileRef = CC5A59F5237C262A0041533B /* Wheather.swift */; };
		CC5A59F8237C26570041533B /* WheatherTableViewController.swift in Sources */ = {isa = PBXBuildFile; fileRef = CC5A59F7237C26570041533B /* WheatherTableViewController.swift */; };
		CC5A59FB237C26EF0041533B /* Main.storyboard in Resources */ = {isa = PBXBuildFile; fileRef = CC5A59F9237C26EF0041533B /* Main.storyboard */; };
		CC5A5A21237C73930041533B /* UserNotifications.framework in Frameworks */ = {isa = PBXBuildFile; fileRef = CC5A5A20237C73930041533B /* UserNotifications.framework */; };
		CC5A5A23237C73930041533B /* UserNotificationsUI.framework in Frameworks */ = {isa = PBXBuildFile; fileRef = CC5A5A22237C73930041533B /* UserNotificationsUI.framework */; };
		CC5A5A26237C73930041533B /* NotificationViewController.swift in Sources */ = {isa = PBXBuildFile; fileRef = CC5A5A25237C73930041533B /* NotificationViewController.swift */; };
		CC5A5A29237C73930041533B /* MainInterface.storyboard in Resources */ = {isa = PBXBuildFile; fileRef = CC5A5A27237C73930041533B /* MainInterface.storyboard */; };
		CC5A5A2D237C73930041533B /* notific.appex in Embed App Extensions */ = {isa = PBXBuildFile; fileRef = CC5A5A1E237C73930041533B /* notific.appex */; settings = {ATTRIBUTES = (RemoveHeadersOnCopy, ); }; };
/* End PBXBuildFile section */

/* Begin PBXContainerItemProxy section */
		CC5A5A2B237C73930041533B /* PBXContainerItemProxy */ = {
			isa = PBXContainerItemProxy;
			containerPortal = CC5A59D8237C25E50041533B /* Project object */;
			proxyType = 1;
			remoteGlobalIDString = CC5A5A1D237C73930041533B;
			remoteInfo = notific;
		};
/* End PBXContainerItemProxy section */

/* Begin PBXCopyFilesBuildPhase section */
		CC5A5A31237C73930041533B /* Embed App Extensions */ = {
			isa = PBXCopyFilesBuildPhase;
			buildActionMask = 2147483647;
			dstPath = "";
			dstSubfolderSpec = 13;
			files = (
				CC5A5A2D237C73930041533B /* notific.appex in Embed App Extensions */,
			);
			name = "Embed App Extensions";
			runOnlyForDeploymentPostprocessing = 0;
		};
/* End PBXCopyFilesBuildPhase section */

/* Begin PBXFileReference section */
		CC5A59E0237C25E50041533B /* Wheather.app */ = {isa = PBXFileReference; explicitFileType = wrapper.application; includeInIndex = 0; path = Wheather.app; sourceTree = BUILT_PRODUCTS_DIR; };
		CC5A59E3237C25E50041533B /* AppDelegate.swift */ = {isa = PBXFileReference; lastKnownFileType = sourcecode.swift; path = AppDelegate.swift; sourceTree = "<group>"; };
		CC5A59EA237C25E70041533B /* Assets.xcassets */ = {isa = PBXFileReference; lastKnownFileType = folder.assetcatalog; path = Assets.xcassets; sourceTree = "<group>"; };
		CC5A59ED237C25E70041533B /* Base */ = {isa = PBXFileReference; lastKnownFileType = file.storyboard; name = Base; path = Base.lproj/LaunchScreen.storyboard; sourceTree = "<group>"; };
		CC5A59EF237C25E70041533B /* Info.plist */ = {isa = PBXFileReference; lastKnownFileType = text.plist.xml; path = Info.plist; sourceTree = "<group>"; };
		CC5A59F5237C262A0041533B /* Wheather.swift */ = {isa = PBXFileReference; lastKnownFileType = sourcecode.swift; path = Wheather.swift; sourceTree = "<group>"; };
		CC5A59F7237C26570041533B /* WheatherTableViewController.swift */ = {isa = PBXFileReference; lastKnownFileType = sourcecode.swift; path = WheatherTableViewController.swift; sourceTree = "<group>"; };
		CC5A59FA237C26EF0041533B /* Base */ = {isa = PBXFileReference; lastKnownFileType = file.storyboard; name = Base; path = "../../../Downloads/WeatherApp-master/SwiftWeather/Base.lproj/Main.storyboard"; sourceTree = "<group>"; };
		CC5A5A1E237C73930041533B /* notific.appex */ = {isa = PBXFileReference; explicitFileType = "wrapper.app-extension"; includeInIndex = 0; path = notific.appex; sourceTree = BUILT_PRODUCTS_DIR; };
		CC5A5A20237C73930041533B /* UserNotifications.framework */ = {isa = PBXFileReference; lastKnownFileType = wrapper.framework; name = UserNotifications.framework; path = System/Library/Frameworks/UserNotifications.framework; sourceTree = SDKROOT; };
		CC5A5A22237C73930041533B /* UserNotificationsUI.framework */ = {isa = PBXFileReference; lastKnownFileType = wrapper.framework; name = UserNotificationsUI.framework; path = System/Library/Frameworks/UserNotificationsUI.framework; sourceTree = SDKROOT; };
		CC5A5A25237C73930041533B /* NotificationViewController.swift */ = {isa = PBXFileReference; lastKnownFileType = sourcecode.swift; path = NotificationViewController.swift; sourceTree = "<group>"; };
		CC5A5A28237C73930041533B /* Base */ = {isa = PBXFileReference; lastKnownFileType = file.storyboard; name = Base; path = Base.lproj/MainInterface.storyboard; sourceTree = "<group>"; };
		CC5A5A2A237C73930041533B /* Info.plist */ = {isa = PBXFileReference; lastKnownFileType = text.plist.xml; path = Info.plist; sourceTree = "<group>"; };
/* End PBXFileReference section */

/* Begin PBXFrameworksBuildPhase section */
		CC5A59DD237C25E50041533B /* Frameworks */ = {
			isa = PBXFrameworksBuildPhase;
			buildActionMask = 2147483647;
			files = (
			);
			runOnlyForDeploymentPostprocessing = 0;
		};
		CC5A5A1B237C73930041533B /* Frameworks */ = {
			isa = PBXFrameworksBuildPhase;
			buildActionMask = 2147483647;
			files = (
				CC5A5A23237C73930041533B /* UserNotificationsUI.framework in Frameworks */,
				CC5A5A21237C73930041533B /* UserNotifications.framework in Frameworks */,
			);
			runOnlyForDeploymentPostprocessing = 0;
		};
/* End PBXFrameworksBuildPhase section */

/* Begin PBXGroup section */
		CC5A59D7237C25E50041533B = {
			isa = PBXGroup;
			children = (
				CC5A59E2237C25E50041533B /* Wheather */,
				CC5A5A24237C73930041533B /* notific */,
				CC5A5A1F237C73930041533B /* Frameworks */,
				CC5A59E1237C25E50041533B /* Products */,
			);
			sourceTree = "<group>";
		};
		CC5A59E1237C25E50041533B /* Products */ = {
			isa = PBXGroup;
			children = (
				CC5A59E0237C25E50041533B /* Wheather.app */,
				CC5A5A1E237C73930041533B /* notific.appex */,
			);
			name = Products;
			sourceTree = "<group>";
		};
		CC5A59E2237C25E50041533B /* Wheather */ = {
			isa = PBXGroup;
			children = (
				CC5A59E3237C25E50041533B /* AppDelegate.swift */,
				CC5A59F7237C26570041533B /* WheatherTableViewController.swift */,
				CC5A59F5237C262A0041533B /* Wheather.swift */,
				CC5A59F9237C26EF0041533B /* Main.storyboard */,
				CC5A59EA237C25E70041533B /* Assets.xcassets */,
				CC5A59EC237C25E70041533B /* LaunchScreen.storyboard */,
				CC5A59EF237C25E70041533B /* Info.plist */,
			);
			path = Wheather;
			sourceTree = "<group>";
		};
		CC5A5A1F237C73930041533B /* Frameworks */ = {
			isa = PBXGroup;
			children = (
				CC5A5A20237C73930041533B /* UserNotifications.framework */,
				CC5A5A22237C73930041533B /* UserNotificationsUI.framework */,
			);
			name = Frameworks;
			sourceTree = "<group>";
		};
		CC5A5A24237C73930041533B /* notific */ = {
			isa = PBXGroup;
			children = (
				CC5A5A25237C73930041533B /* NotificationViewController.swift */,
				CC5A5A27237C73930041533B /* MainInterface.storyboard */,
				CC5A5A2A237C73930041533B /* Info.plist */,
			);
			path = notific;
			sourceTree = "<group>";
		};
/* End PBXGroup section */

/* Begin PBXNativeTarget section */
		CC5A59DF237C25E50041533B /* Wheather */ = {
			isa = PBXNativeTarget;
			buildConfigurationList = CC5A59F2237C25E70041533B /* Build configuration list for PBXNativeTarget "Wheather" */;
			buildPhases = (
				CC5A59DC237C25E50041533B /* Sources */,
				CC5A59DD237C25E50041533B /* Frameworks */,
				CC5A59DE237C25E50041533B /* Resources */,
				CC5A5A31237C73930041533B /* Embed App Extensions */,
			);
			buildRules = (
			);
			dependencies = (
				CC5A5A2C237C73930041533B /* PBXTargetDependency */,
			);
			name = Wheather;
			productName = Wheather;
			productReference = CC5A59E0237C25E50041533B /* Wheather.app */;
			productType = "com.apple.product-type.application";
		};
		CC5A5A1D237C73930041533B /* notific */ = {
			isa = PBXNativeTarget;
			buildConfigurationList = CC5A5A2E237C73930041533B /* Build configuration list for PBXNativeTarget "notific" */;
			buildPhases = (
				CC5A5A1A237C73930041533B /* Sources */,
				CC5A5A1B237C73930041533B /* Frameworks */,
				CC5A5A1C237C73930041533B /* Resources */,
			);
			buildRules = (
			);
			dependencies = (
			);
			name = notific;
			productName = notific;
			productReference = CC5A5A1E237C73930041533B /* notific.appex */;
			productType = "com.apple.product-type.app-extension";
		};
/* End PBXNativeTarget section */

/* Begin PBXProject section */
		CC5A59D8237C25E50041533B /* Project object */ = {
			isa = PBXProject;
			attributes = {
				LastSwiftUpdateCheck = 1030;
				LastUpgradeCheck = 1030;
				ORGANIZATIONNAME = "Максим Жуков";
				TargetAttributes = {
					CC5A59DF237C25E50041533B = {
						CreatedOnToolsVersion = 10.3;
					};
					CC5A5A1D237C73930041533B = {
						CreatedOnToolsVersion = 10.3;
					};
				};
			};
			buildConfigurationList = CC5A59DB237C25E50041533B /* Build configuration list for PBXProject "Wheather" */;
			compatibilityVersion = "Xcode 9.3";
			developmentRegion = en;
			hasScannedForEncodings = 0;
			knownRegions = (
				en,
				Base,
			);
			mainGroup = CC5A59D7237C25E50041533B;
			productRefGroup = CC5A59E1237C25E50041533B /* Products */;
			projectDirPath = "";
			projectRoot = "";
			targets = (
				CC5A59DF237C25E50041533B /* Wheather */,
				CC5A5A1D237C73930041533B /* notific */,
			);
		};
/* End PBXProject section */

/* Begin PBXResourcesBuildPhase section */
		CC5A59DE237C25E50041533B /* Resources */ = {
			isa = PBXResourcesBuildPhase;
			buildActionMask = 2147483647;
			files = (
				CC5A59FB237C26EF0041533B /* Main.storyboard in Resources */,
				CC5A59EE237C25E70041533B /* LaunchScreen.storyboard in Resources */,
				CC5A59EB237C25E70041533B /* Assets.xcassets in Resources */,
			);
			runOnlyForDeploymentPostprocessing = 0;
		};
		CC5A5A1C237C73930041533B /* Resources */ = {
			isa = PBXResourcesBuildPhase;
			buildActionMask = 2147483647;
			files = (
				CC5A5A29237C73930041533B /* MainInterface.storyboard in Resources */,
			);
			runOnlyForDeploymentPostprocessing = 0;
		};
/* End PBXResourcesBuildPhase section */

/* Begin PBXSourcesBuildPhase section */
		CC5A59DC237C25E50041533B /* Sources */ = {
			isa = PBXSourcesBuildPhase;
			buildActionMask = 2147483647;
			files = (
				CC5A59F8237C26570041533B /* WheatherTableViewController.swift in Sources */,
				CC5A59E4237C25E50041533B /* AppDelegate.swift in Sources */,
				CC5A59F6237C262A0041533B /* Wheather.swift in Sources */,
			);
			runOnlyForDeploymentPostprocessing = 0;
		};
		CC5A5A1A237C73930041533B /* Sources */ = {
			isa = PBXSourcesBuildPhase;
			buildActionMask = 2147483647;
			files = (
				CC5A5A26237C73930041533B /* NotificationViewController.swift in Sources */,
			);
			runOnlyForDeploymentPostprocessing = 0;
		};
/* End PBXSourcesBuildPhase section */

/* Begin PBXTargetDependency section */
		CC5A5A2C237C73930041533B /* PBXTargetDependency */ = {
			isa = PBXTargetDependency;
			target = CC5A5A1D237C73930041533B /* notific */;
			targetProxy = CC5A5A2B237C73930041533B /* PBXContainerItemProxy */;
		};
/* End PBXTargetDependency section */

/* Begin PBXVariantGroup section */
		CC5A59EC237C25E70041533B /* LaunchScreen.storyboard */ = {
			isa = PBXVariantGroup;
			children = (
				CC5A59ED237C25E70041533B /* Base */,
			);
			name = LaunchScreen.storyboard;
			sourceTree = "<group>";
		};
		CC5A59F9237C26EF0041533B /* Main.storyboard */ = {
			isa = PBXVariantGroup;
			children = (
				CC5A59FA237C26EF0041533B /* Base */,
			);
			name = Main.storyboard;
			sourceTree = "<group>";
		};
		CC5A5A27237C73930041533B /* MainInterface.storyboard */ = {
			isa = PBXVariantGroup;
			children = (
				CC5A5A28237C73930041533B /* Base */,
			);
			name = MainInterface.storyboard;
			sourceTree = "<group>";
		};
/* End PBXVariantGroup section */

/* Begin XCBuildConfiguration section */
		CC5A59F0237C25E70041533B /* Debug */ = {
			isa = XCBuildConfiguration;
			buildSettings = {
				ALWAYS_SEARCH_USER_PATHS = NO;
				CLANG_ANALYZER_NONNULL = YES;
				CLANG_ANALYZER_NUMBER_OBJECT_CONVERSION = YES_AGGRESSIVE;
				CLANG_CXX_LANGUAGE_STANDARD = "gnu++14";
				CLANG_CXX_LIBRARY = "libc++";
				CLANG_ENABLE_MODULES = YES;
				CLANG_ENABLE_OBJC_ARC = YES;
				CLANG_ENABLE_OBJC_WEAK = YES;
				CLANG_WARN_BLOCK_CAPTURE_AUTORELEASING = YES;
				CLANG_WARN_BOOL_CONVERSION = YES;
				CLANG_WARN_COMMA = YES;
				CLANG_WARN_CONSTANT_CONVERSION = YES;
				CLANG_WARN_DEPRECATED_OBJC_IMPLEMENTATIONS = YES;
				CLANG_WARN_DIRECT_OBJC_ISA_USAGE = YES_ERROR;
				CLANG_WARN_DOCUMENTATION_COMMENTS = YES;
				CLANG_WARN_EMPTY_BODY = YES;
				CLANG_WARN_ENUM_CONVERSION = YES;
				CLANG_WARN_INFINITE_RECURSION = YES;
				CLANG_WARN_INT_CONVERSION = YES;
				CLANG_WARN_NON_LITERAL_NULL_CONVERSION = YES;
				CLANG_WARN_OBJC_IMPLICIT_RETAIN_SELF = YES;
				CLANG_WARN_OBJC_LITERAL_CONVERSION = YES;
				CLANG_WARN_OBJC_ROOT_CLASS = YES_ERROR;
				CLANG_WARN_RANGE_LOOP_ANALYSIS = YES;
				CLANG_WARN_STRICT_PROTOTYPES = YES;
				CLANG_WARN_SUSPICIOUS_MOVE = YES;
				CLANG_WARN_UNGUARDED_AVAILABILITY = YES_AGGRESSIVE;
				CLANG_WARN_UNREACHABLE_CODE = YES;
				CLANG_WARN__DUPLICATE_METHOD_MATCH = YES;
				CODE_SIGN_IDENTITY = "iPhone Developer";
				COPY_PHASE_STRIP = NO;
				DEBUG_INFORMATION_FORMAT = dwarf;
				ENABLE_STRICT_OBJC_MSGSEND = YES;
				ENABLE_TESTABILITY = YES;
				GCC_C_LANGUAGE_STANDARD = gnu11;
				GCC_DYNAMIC_NO_PIC = NO;
				GCC_NO_COMMON_BLOCKS = YES;
				GCC_OPTIMIZATION_LEVEL = 0;
				GCC_PREPROCESSOR_DEFINITIONS = (
					"DEBUG=1",
					"$(inherited)",
				);
				GCC_WARN_64_TO_32_BIT_CONVERSION = YES;
				GCC_WARN_ABOUT_RETURN_TYPE = YES_ERROR;
				GCC_WARN_UNDECLARED_SELECTOR = YES;
				GCC_WARN_UNINITIALIZED_AUTOS = YES_AGGRESSIVE;
				GCC_WARN_UNUSED_FUNCTION = YES;
				GCC_WARN_UNUSED_VARIABLE = YES;
				IPHONEOS_DEPLOYMENT_TARGET = 12.4;
				MTL_ENABLE_DEBUG_INFO = INCLUDE_SOURCE;
				MTL_FAST_MATH = YES;
				ONLY_ACTIVE_ARCH = YES;
				SDKROOT = iphoneos;
				SWIFT_ACTIVE_COMPILATION_CONDITIONS = DEBUG;
				SWIFT_OPTIMIZATION_LEVEL = "-Onone";
			};
			name = Debug;
		};
		CC5A59F1237C25E70041533B /* Release */ = {
			isa = XCBuildConfiguration;
			buildSettings = {
				ALWAYS_SEARCH_USER_PATHS = NO;
				CLANG_ANALYZER_NONNULL = YES;
				CLANG_ANALYZER_NUMBER_OBJECT_CONVERSION = YES_AGGRESSIVE;
				CLANG_CXX_LANGUAGE_STANDARD = "gnu++14";
				CLANG_CXX_LIBRARY = "libc++";
				CLANG_ENABLE_MODULES = YES;
				CLANG_ENABLE_OBJC_ARC = YES;
				CLANG_ENABLE_OBJC_WEAK = YES;
				CLANG_WARN_BLOCK_CAPTURE_AUTORELEASING = YES;
				CLANG_WARN_BOOL_CONVERSION = YES;
				CLANG_WARN_COMMA = YES;
				CLANG_WARN_CONSTANT_CONVERSION = YES;
				CLANG_WARN_DEPRECATED_OBJC_IMPLEMENTATIONS = YES;
				CLANG_WARN_DIRECT_OBJC_ISA_USAGE = YES_ERROR;
				CLANG_WARN_DOCUMENTATION_COMMENTS = YES;
				CLANG_WARN_EMPTY_BODY = YES;
				CLANG_WARN_ENUM_CONVERSION = YES;
				CLANG_WARN_INFINITE_RECURSION = YES;
				CLANG_WARN_INT_CONVERSION = YES;
				CLANG_WARN_NON_LITERAL_NULL_CONVERSION = YES;
				CLANG_WARN_OBJC_IMPLICIT_RETAIN_SELF = YES;
				CLANG_WARN_OBJC_LITERAL_CONVERSION = YES;
				CLANG_WARN_OBJC_ROOT_CLASS = YES_ERROR;
				CLANG_WARN_RANGE_LOOP_ANALYSIS = YES;
				CLANG_WARN_STRICT_PROTOTYPES = YES;
				CLANG_WARN_SUSPICIOUS_MOVE = YES;
				CLANG_WARN_UNGUARDED_AVAILABILITY = YES_AGGRESSIVE;
				CLANG_WARN_UNREACHABLE_CODE = YES;
				CLANG_WARN__DUPLICATE_METHOD_MATCH = YES;
				CODE_SIGN_IDENTITY = "iPhone Developer";
				COPY_PHASE_STRIP = NO;
				DEBUG_INFORMATION_FORMAT = "dwarf-with-dsym";
				ENABLE_NS_ASSERTIONS = NO;
				ENABLE_STRICT_OBJC_MSGSEND = YES;
				GCC_C_LANGUAGE_STANDARD = gnu11;
				GCC_NO_COMMON_BLOCKS = YES;
				GCC_WARN_64_TO_32_BIT_CONVERSION = YES;
				GCC_WARN_ABOUT_RETURN_TYPE = YES_ERROR;
				GCC_WARN_UNDECLARED_SELECTOR = YES;
				GCC_WARN_UNINITIALIZED_AUTOS = YES_AGGRESSIVE;
				GCC_WARN_UNUSED_FUNCTION = YES;
				GCC_WARN_UNUSED_VARIABLE = YES;
				IPHONEOS_DEPLOYMENT_TARGET = 12.4;
				MTL_ENABLE_DEBUG_INFO = NO;
				MTL_FAST_MATH = YES;
				SDKROOT = iphoneos;
				SWIFT_COMPILATION_MODE = wholemodule;
				SWIFT_OPTIMIZATION_LEVEL = "-O";
				VALIDATE_PRODUCT = YES;
			};
			name = Release;
		};
		CC5A59F3237C25E70041533B /* Debug */ = {
			isa = XCBuildConfiguration;
			buildSettings = {
				ALWAYS_EMBED_SWIFT_STANDARD_LIBRARIES = YES;
				ASSETCATALOG_COMPILER_APPICON_NAME = AppIcon;
				CODE_SIGN_STYLE = Automatic;
				INFOPLIST_FILE = Wheather/Info.plist;
				LD_RUNPATH_SEARCH_PATHS = (
					"$(inherited)",
					"@executable_path/Frameworks",
				);
				PRODUCT_BUNDLE_IDENTIFIER = Maxim.Wheather;
				PRODUCT_NAME = "$(TARGET_NAME)";
				SWIFT_VERSION = 5.0;
				TARGETED_DEVICE_FAMILY = "1,2";
			};
			name = Debug;
		};
		CC5A59F4237C25E70041533B /* Release */ = {
			isa = XCBuildConfiguration;
			buildSettings = {
				ALWAYS_EMBED_SWIFT_STANDARD_LIBRARIES = YES;
				ASSETCATALOG_COMPILER_APPICON_NAME = AppIcon;
				CODE_SIGN_STYLE = Automatic;
				INFOPLIST_FILE = Wheather/Info.plist;
				LD_RUNPATH_SEARCH_PATHS = (
					"$(inherited)",
					"@executable_path/Frameworks",
				);
				PRODUCT_BUNDLE_IDENTIFIER = Maxim.Wheather;
				PRODUCT_NAME = "$(TARGET_NAME)";
				SWIFT_VERSION = 5.0;
				TARGETED_DEVICE_FAMILY = "1,2";
			};
			name = Release;
		};
		CC5A5A2F237C73930041533B /* Debug */ = {
			isa = XCBuildConfiguration;
			buildSettings = {
				CODE_SIGN_STYLE = Automatic;
				INFOPLIST_FILE = notific/Info.plist;
				LD_RUNPATH_SEARCH_PATHS = (
					"$(inherited)",
					"@executable_path/Frameworks",
					"@executable_path/../../Frameworks",
				);
				PRODUCT_BUNDLE_IDENTIFIER = Maxim.Wheather.notific;
				PRODUCT_NAME = "$(TARGET_NAME)";
				SKIP_INSTALL = YES;
				SWIFT_VERSION = 5.0;
				TARGETED_DEVICE_FAMILY = "1,2";
			};
			name = Debug;
		};
		CC5A5A30237C73930041533B /* Release */ = {
			isa = XCBuildConfiguration;
			buildSettings = {
				CODE_SIGN_STYLE = Automatic;
				INFOPLIST_FILE = notific/Info.plist;
				LD_RUNPATH_SEARCH_PATHS = (
					"$(inherited)",
					"@executable_path/Frameworks",
					"@executable_path/../../Frameworks",
				);
				PRODUCT_BUNDLE_IDENTIFIER = Maxim.Wheather.notific;
				PRODUCT_NAME = "$(TARGET_NAME)";
				SKIP_INSTALL = YES;
				SWIFT_VERSION = 5.0;
				TARGETED_DEVICE_FAMILY = "1,2";
			};
			name = Release;
		};
/* End XCBuildConfiguration section */

/* Begin XCConfigurationList section */
		CC5A59DB237C25E50041533B /* Build configuration list for PBXProject "Wheather" */ = {
			isa = XCConfigurationList;
			buildConfigurations = (
				CC5A59F0237C25E70041533B /* Debug */,
				CC5A59F1237C25E70041533B /* Release */,
			);
			defaultConfigurationIsVisible = 0;
			defaultConfigurationName = Release;
		};
		CC5A59F2237C25E70041533B /* Build configuration list for PBXNativeTarget "Wheather" */ = {
			isa = XCConfigurationList;
			buildConfigurations = (
				CC5A59F3237C25E70041533B /* Debug */,
				CC5A59F4237C25E70041533B /* Release */,
			);
			defaultConfigurationIsVisible = 0;
			defaultConfigurationName = Release;
		};
		CC5A5A2E237C73930041533B /* Build configuration list for PBXNativeTarget "notific" */ = {
			isa = XCConfigurationList;
			buildConfigurations = (
				CC5A5A2F237C73930041533B /* Debug */,
				CC5A5A30237C73930041533B /* Release */,
			);
			defaultConfigurationIsVisible = 0;
			defaultConfigurationName = Release;
		};
/* End XCConfigurationList section */
	};
	rootObject = CC5A59D8237C25E50041533B /* Project object */;
}
